
Microsoft Visual Studio Solution File, Format Version 12.00
# Visual Studio Version 17
VisualStudioVersion = 17.3.32929.385
MinimumVisualStudioVersion = 10.0.40219.1
Project("{9A19103F-16F7-4668-BE54-9A1E7A4F7556}") = "UnitTests", "UnitTests\UnitTests.csproj", "{F9151EF4-52EC-4949-88D2-A69D6AEF23FA}"
EndProject
Project("{9A19103F-16F7-4668-BE54-9A1E7A4F7556}") = "Geometry", "Geometry\Geometry.csproj", "{6C813621-C327-47B4-A819-79A9075FDEAF}"
EndProject
Global
	GlobalSection(SolutionConfigurationPlatforms) = preSolution
		Debug|Any CPU = Debug|Any CPU
		Release|Any CPU = Release|Any CPU
	EndGlobalSection
	GlobalSection(ProjectConfigurationPlatforms) = postSolution
		{F9151EF4-52EC-4949-88D2-A69D6AEF23FA}.Debug|Any CPU.ActiveCfg = Debug|Any CPU
		{F9151EF4-52EC-4949-88D2-A69D6AEF23FA}.Debug|Any CPU.Build.0 = Debug|Any CPU
		{F9151EF4-52EC-4949-88D2-A69D6AEF23FA}.Release|Any CPU.ActiveCfg = Release|Any CPU
		{F9151EF4-52EC-4949-88D2-A69D6AEF23FA}.Release|Any CPU.Build.0 = Release|Any CPU
		{6C813621-C327-47B4-A819-79A9075FDEAF}.Debug|Any CPU.ActiveCfg = Debug|Any CPU
		{6C813621-C327-47B4-A819-79A9075FDEAF}.Debug|Any CPU.Build.0 = Debug|Any CPU
		{6C813621-C327-47B4-A819-79A9075FDEAF}.Release|Any CPU.ActiveCfg = Release|Any CPU
		{6C813621-C327-47B4-A819-79A9075FDEAF}.Release|Any CPU.Build.0 = Release|Any CPU
	EndGlobalSection
	GlobalSection(SolutionProperties) = preSolution
		HideSolutionNode = FALSE
	EndGlobalSection
	GlobalSection(ExtensibilityGlobals) = postSolution
		SolutionGuid = {B52B62BC-556F-4507-AD4B-C606E6E16DBE}
	EndGlobalSection
EndGlobal
